
Microsoft Visual Studio Solution File, Format Version 12.00
# Visual Studio Version 16
VisualStudioVersion = 16.0.29102.190
MinimumVisualStudioVersion = 10.0.40219.1
Project("{FAE04EC0-301F-11D3-BF4B-00C04F79EFBC}") = "EASYS", "EASYS\EASYS.csproj", "{718CF074-C0FA-4861-BFC7-8B8ABE3DD662}"
EndProject
Global
	GlobalSection(SolutionConfigurationPlatforms) = preSolution
		Debug|Any CPU = Debug|Any CPU
		Release|Any CPU = Release|Any CPU
	EndGlobalSection
	GlobalSection(ProjectConfigurationPlatforms) = postSolution
		{718CF074-C0FA-4861-BFC7-8B8ABE3DD662}.Debug|Any CPU.ActiveCfg = Debug|Any CPU
		{718CF074-C0FA-4861-BFC7-8B8ABE3DD662}.Debug|Any CPU.Build.0 = Debug|Any CPU
		{718CF074-C0FA-4861-BFC7-8B8ABE3DD662}.Release|Any CPU.ActiveCfg = Release|Any CPU
		{718CF074-C0FA-4861-BFC7-8B8ABE3DD662}.Release|Any CPU.Build.0 = Release|Any CPU
	EndGlobalSection
	GlobalSection(SolutionProperties) = preSolution
		HideSolutionNode = FALSE
	EndGlobalSection
	GlobalSection(ExtensibilityGlobals) = postSolution
		SolutionGuid = {F2A4BB46-FC99-466A-AA16-E803D46D7EE6}
	EndGlobalSection
EndGlobal
